
Microsoft Visual Studio Solution File, Format Version 12.00
# Visual Studio Version 17
VisualStudioVersion = 17.7.34024.191
MinimumVisualStudioVersion = 10.0.40219.1
Project("{2150E333-8FDC-42A3-9474-1A3956D46DE8}") = "Task0", "Task0", "{F4D64D85-8BE3-4BCF-9EDD-16F48BF943AD}"
EndProject
Project("{FAE04EC0-301F-11D3-BF4B-00C04F79EFBC}") = "Tyuiu.BeketovVN.Sprint4.Task0.V23", "Tyuiu.BeketovVN.Sprint4.Task0.V23\Tyuiu.BeketovVN.Sprint4.Task0.V23.csproj", "{EC82B4D5-ECFC-4D1A-A9FA-001614D0F15A}"
EndProject
Project("{FAE04EC0-301F-11D3-BF4B-00C04F79EFBC}") = "Tyuiu.BeketovVN.Sprint4.Task0.V23.Lib", "Tyuiu.BeketovVN.Sprint4.Task0.V23.Lib\Tyuiu.BeketovVN.Sprint4.Task0.V23.Lib.csproj", "{5BD73111-F666-47E1-BF3D-692366F1068D}"
EndProject
Project("{FAE04EC0-301F-11D3-BF4B-00C04F79EFBC}") = "Tyuiu.BeketovVN.Sprint4.Task0.V23.Test", "Tyuiu.BeketovVN.Sprint4.Task0.V23.Test\Tyuiu.BeketovVN.Sprint4.Task0.V23.Test.csproj", "{D5A79D77-BD4F-4F2C-B9BC-4941D682B537}"
EndProject
Project("{2150E333-8FDC-42A3-9474-1A3956D46DE8}") = "Task1", "Task1", "{FBB612E8-1C18-445B-9FB5-ED674D9DEC7D}"
EndProject
Project("{FAE04EC0-301F-11D3-BF4B-00C04F79EFBC}") = "Tyuiu.BeketovVN.Sprint4.Task1.V7", "Tyuiu.BeketovVN.Sprint4.Task1.V7\Tyuiu.BeketovVN.Sprint4.Task1.V7.csproj", "{6DD6ADE9-51DF-484C-9036-B2CA6288D5CA}"
EndProject
Project("{FAE04EC0-301F-11D3-BF4B-00C04F79EFBC}") = "Tyuiu.BeketovVN.Sprint4.Task1.V7.Lib", "Tyuiu.BeketovVN.Sprint4.Task1.V7.Lib\Tyuiu.BeketovVN.Sprint4.Task1.V7.Lib.csproj", "{D4C11B23-BA23-4E90-AA23-51E7B85A2557}"
EndProject
Project("{FAE04EC0-301F-11D3-BF4B-00C04F79EFBC}") = "Tyuiu.BeketovVN.Sprint4.Task1.V7.Test", "Tyuiu.BeketovVN.Sprint4.Task1.V7.Test\Tyuiu.BeketovVN.Sprint4.Task1.V7.Test.csproj", "{148323C1-D71C-45EC-B454-3EA4B8A68A94}"
EndProject
Project("{2150E333-8FDC-42A3-9474-1A3956D46DE8}") = "Task2", "Task2", "{BA5A466B-FFCA-4466-98E6-8D9E72A45813}"
EndProject
Project("{FAE04EC0-301F-11D3-BF4B-00C04F79EFBC}") = "Tyuiu.BeketovVN.Sprint4.Task2.V12", "Tyuiu.BeketovVN.Sprint4.Task2.V12\Tyuiu.BeketovVN.Sprint4.Task2.V12.csproj", "{BFD98B5F-604B-4298-AC2A-17BD3E8AB321}"
EndProject
Project("{FAE04EC0-301F-11D3-BF4B-00C04F79EFBC}") = "Tyuiu.BeketovVN.Sprint4.Task2.V12.Lib", "Tyuiu.BeketovVN.Sprint4.Task2.V12.Lib\Tyuiu.BeketovVN.Sprint4.Task2.V12.Lib.csproj", "{B009B39C-CF10-4F3F-B3B6-160D8D970133}"
EndProject
Project("{FAE04EC0-301F-11D3-BF4B-00C04F79EFBC}") = "Tyuiu.BeketovVN.Sprint4.Task2.V12.Test", "Tyuiu.BeketovVN.Sprint4.Task2.V12.Test\Tyuiu.BeketovVN.Sprint4.Task2.V12.Test.csproj", "{1612439C-1406-4DA8-9623-0DB36A4DE83D}"
EndProject
Project("{2150E333-8FDC-42A3-9474-1A3956D46DE8}") = "Task3", "Task3", "{76115CBB-3B7B-4605-8C79-D70799DA52B4}"
EndProject
Project("{FAE04EC0-301F-11D3-BF4B-00C04F79EFBC}") = "Tyuiu.BeketovVN.Sprint4.Task3.V1", "Tyuiu.BeketovVN.Sprint4.Task3.V1\Tyuiu.BeketovVN.Sprint4.Task3.V1.csproj", "{F521911C-6956-48C1-B247-84820D084BA2}"
EndProject
Project("{FAE04EC0-301F-11D3-BF4B-00C04F79EFBC}") = "Tyuiu.BeketovVN.Sprint4.Task3.V1.Lib", "Tyuiu.BeketovVN.Sprint4.Task3.V1.Lib\Tyuiu.BeketovVN.Sprint4.Task3.V1.Lib.csproj", "{780C5C01-4B00-4329-866E-3BCB2440443B}"
EndProject
Project("{FAE04EC0-301F-11D3-BF4B-00C04F79EFBC}") = "Tyuiu.BeketovVN.Sprint4.Task3.V1.Test", "Tyuiu.BeketovVN.Sprint4.Task3.V1.Test\Tyuiu.BeketovVN.Sprint4.Task3.V1.Test.csproj", "{1D0FB87F-0D95-4EB1-B279-313F0667024D}"
EndProject
Global
	GlobalSection(SolutionConfigurationPlatforms) = preSolution
		Debug|Any CPU = Debug|Any CPU
		Release|Any CPU = Release|Any CPU
	EndGlobalSection
	GlobalSection(ProjectConfigurationPlatforms) = postSolution
		{EC82B4D5-ECFC-4D1A-A9FA-001614D0F15A}.Debug|Any CPU.ActiveCfg = Debug|Any CPU
		{EC82B4D5-ECFC-4D1A-A9FA-001614D0F15A}.Debug|Any CPU.Build.0 = Debug|Any CPU
		{EC82B4D5-ECFC-4D1A-A9FA-001614D0F15A}.Release|Any CPU.ActiveCfg = Release|Any CPU
		{EC82B4D5-ECFC-4D1A-A9FA-001614D0F15A}.Release|Any CPU.Build.0 = Release|Any CPU
		{5BD73111-F666-47E1-BF3D-692366F1068D}.Debug|Any CPU.ActiveCfg = Debug|Any CPU
		{5BD73111-F666-47E1-BF3D-692366F1068D}.Debug|Any CPU.Build.0 = Debug|Any CPU
		{5BD73111-F666-47E1-BF3D-692366F1068D}.Release|Any CPU.ActiveCfg = Release|Any CPU
		{5BD73111-F666-47E1-BF3D-692366F1068D}.Release|Any CPU.Build.0 = Release|Any CPU
		{D5A79D77-BD4F-4F2C-B9BC-4941D682B537}.Debug|Any CPU.ActiveCfg = Debug|Any CPU
		{D5A79D77-BD4F-4F2C-B9BC-4941D682B537}.Debug|Any CPU.Build.0 = Debug|Any CPU
		{D5A79D77-BD4F-4F2C-B9BC-4941D682B537}.Release|Any CPU.ActiveCfg = Release|Any CPU
		{D5A79D77-BD4F-4F2C-B9BC-4941D682B537}.Release|Any CPU.Build.0 = Release|Any CPU
		{6DD6ADE9-51DF-484C-9036-B2CA6288D5CA}.Debug|Any CPU.ActiveCfg = Debug|Any CPU
		{6DD6ADE9-51DF-484C-9036-B2CA6288D5CA}.Debug|Any CPU.Build.0 = Debug|Any CPU
		{6DD6ADE9-51DF-484C-9036-B2CA6288D5CA}.Release|Any CPU.ActiveCfg = Release|Any CPU
		{6DD6ADE9-51DF-484C-9036-B2CA6288D5CA}.Release|Any CPU.Build.0 = Release|Any CPU
		{D4C11B23-BA23-4E90-AA23-51E7B85A2557}.Debug|Any CPU.ActiveCfg = Debug|Any CPU
		{D4C11B23-BA23-4E90-AA23-51E7B85A2557}.Debug|Any CPU.Build.0 = Debug|Any CPU
		{D4C11B23-BA23-4E90-AA23-51E7B85A2557}.Release|Any CPU.ActiveCfg = Release|Any CPU
		{D4C11B23-BA23-4E90-AA23-51E7B85A2557}.Release|Any CPU.Build.0 = Release|Any CPU
		{148323C1-D71C-45EC-B454-3EA4B8A68A94}.Debug|Any CPU.ActiveCfg = Debug|Any CPU
		{148323C1-D71C-45EC-B454-3EA4B8A68A94}.Debug|Any CPU.Build.0 = Debug|Any CPU
		{148323C1-D71C-45EC-B454-3EA4B8A68A94}.Release|Any CPU.ActiveCfg = Release|Any CPU
		{148323C1-D71C-45EC-B454-3EA4B8A68A94}.Release|Any CPU.Build.0 = Release|Any CPU
		{BFD98B5F-604B-4298-AC2A-17BD3E8AB321}.Debug|Any CPU.ActiveCfg = Debug|Any CPU
		{BFD98B5F-604B-4298-AC2A-17BD3E8AB321}.Debug|Any CPU.Build.0 = Debug|Any CPU
		{BFD98B5F-604B-4298-AC2A-17BD3E8AB321}.Release|Any CPU.ActiveCfg = Release|Any CPU
		{BFD98B5F-604B-4298-AC2A-17BD3E8AB321}.Release|Any CPU.Build.0 = Release|Any CPU
		{B009B39C-CF10-4F3F-B3B6-160D8D970133}.Debug|Any CPU.ActiveCfg = Debug|Any CPU
		{B009B39C-CF10-4F3F-B3B6-160D8D970133}.Debug|Any CPU.Build.0 = Debug|Any CPU
		{B009B39C-CF10-4F3F-B3B6-160D8D970133}.Release|Any CPU.ActiveCfg = Release|Any CPU
		{B009B39C-CF10-4F3F-B3B6-160D8D970133}.Release|Any CPU.Build.0 = Release|Any CPU
		{1612439C-1406-4DA8-9623-0DB36A4DE83D}.Debug|Any CPU.ActiveCfg = Debug|Any CPU
		{1612439C-1406-4DA8-9623-0DB36A4DE83D}.Debug|Any CPU.Build.0 = Debug|Any CPU
		{1612439C-1406-4DA8-9623-0DB36A4DE83D}.Release|Any CPU.ActiveCfg = Release|Any CPU
		{1612439C-1406-4DA8-9623-0DB36A4DE83D}.Release|Any CPU.Build.0 = Release|Any CPU
		{F521911C-6956-48C1-B247-84820D084BA2}.Debug|Any CPU.ActiveCfg = Debug|Any CPU
		{F521911C-6956-48C1-B247-84820D084BA2}.Debug|Any CPU.Build.0 = Debug|Any CPU
		{F521911C-6956-48C1-B247-84820D084BA2}.Release|Any CPU.ActiveCfg = Release|Any CPU
		{F521911C-6956-48C1-B247-84820D084BA2}.Release|Any CPU.Build.0 = Release|Any CPU
		{780C5C01-4B00-4329-866E-3BCB2440443B}.Debug|Any CPU.ActiveCfg = Debug|Any CPU
		{780C5C01-4B00-4329-866E-3BCB2440443B}.Debug|Any CPU.Build.0 = Debug|Any CPU
		{780C5C01-4B00-4329-866E-3BCB2440443B}.Release|Any CPU.ActiveCfg = Release|Any CPU
		{780C5C01-4B00-4329-866E-3BCB2440443B}.Release|Any CPU.Build.0 = Release|Any CPU
		{1D0FB87F-0D95-4EB1-B279-313F0667024D}.Debug|Any CPU.ActiveCfg = Debug|Any CPU
		{1D0FB87F-0D95-4EB1-B279-313F0667024D}.Debug|Any CPU.Build.0 = Debug|Any CPU
		{1D0FB87F-0D95-4EB1-B279-313F0667024D}.Release|Any CPU.ActiveCfg = Release|Any CPU
		{1D0FB87F-0D95-4EB1-B279-313F0667024D}.Release|Any CPU.Build.0 = Release|Any CPU
	EndGlobalSection
	GlobalSection(SolutionProperties) = preSolution
		HideSolutionNode = FALSE
	EndGlobalSection
	GlobalSection(NestedProjects) = preSolution
		{EC82B4D5-ECFC-4D1A-A9FA-001614D0F15A} = {F4D64D85-8BE3-4BCF-9EDD-16F48BF943AD}
		{5BD73111-F666-47E1-BF3D-692366F1068D} = {F4D64D85-8BE3-4BCF-9EDD-16F48BF943AD}
		{D5A79D77-BD4F-4F2C-B9BC-4941D682B537} = {F4D64D85-8BE3-4BCF-9EDD-16F48BF943AD}
		{6DD6ADE9-51DF-484C-9036-B2CA6288D5CA} = {FBB612E8-1C18-445B-9FB5-ED674D9DEC7D}
		{D4C11B23-BA23-4E90-AA23-51E7B85A2557} = {FBB612E8-1C18-445B-9FB5-ED674D9DEC7D}
		{148323C1-D71C-45EC-B454-3EA4B8A68A94} = {FBB612E8-1C18-445B-9FB5-ED674D9DEC7D}
		{BFD98B5F-604B-4298-AC2A-17BD3E8AB321} = {BA5A466B-FFCA-4466-98E6-8D9E72A45813}
		{B009B39C-CF10-4F3F-B3B6-160D8D970133} = {BA5A466B-FFCA-4466-98E6-8D9E72A45813}
		{1612439C-1406-4DA8-9623-0DB36A4DE83D} = {BA5A466B-FFCA-4466-98E6-8D9E72A45813}
		{F521911C-6956-48C1-B247-84820D084BA2} = {76115CBB-3B7B-4605-8C79-D70799DA52B4}
		{780C5C01-4B00-4329-866E-3BCB2440443B} = {76115CBB-3B7B-4605-8C79-D70799DA52B4}
		{1D0FB87F-0D95-4EB1-B279-313F0667024D} = {76115CBB-3B7B-4605-8C79-D70799DA52B4}
	EndGlobalSection
	GlobalSection(ExtensibilityGlobals) = postSolution
		SolutionGuid = {11CB9384-C44A-4461-B2DD-00BAB4EBFE88}
	EndGlobalSection
EndGlobal
